
Microsoft Visual Studio Solution File, Format Version 12.00
# Visual Studio Version 16
VisualStudioVersion = 16.0.29306.81
MinimumVisualStudioVersion = 10.0.40219.1
Project("{FAE04EC0-301F-11D3-BF4B-00C04F79EFBC}") = "audioSynth", "audioSynth\audioSynth.csproj", "{7F2543F3-894F-435A-9F76-269FC5C918C2}"
EndProject
Global
	GlobalSection(SolutionConfigurationPlatforms) = preSolution
		Debug|Any CPU = Debug|Any CPU
		Release|Any CPU = Release|Any CPU
	EndGlobalSection
	GlobalSection(ProjectConfigurationPlatforms) = postSolution
		{7F2543F3-894F-435A-9F76-269FC5C918C2}.Debug|Any CPU.ActiveCfg = Debug|Any CPU
		{7F2543F3-894F-435A-9F76-269FC5C918C2}.Debug|Any CPU.Build.0 = Debug|Any CPU
		{7F2543F3-894F-435A-9F76-269FC5C918C2}.Release|Any CPU.ActiveCfg = Release|Any CPU
		{7F2543F3-894F-435A-9F76-269FC5C918C2}.Release|Any CPU.Build.0 = Release|Any CPU
	EndGlobalSection
	GlobalSection(SolutionProperties) = preSolution
		HideSolutionNode = FALSE
	EndGlobalSection
	GlobalSection(ExtensibilityGlobals) = postSolution
		SolutionGuid = {EFE77926-AC36-46AD-9A25-31F0A29BEBCB}
	EndGlobalSection
EndGlobal
